{
  "name": "example",
  "version": "1.0.0",
  "lockfileVersion": 3,
  "requires": true,
  "packages": {
    "": {
      "name": "example",
      "version": "1.0.0",
      "dependencies": {
        "snowflake-nanoid": "^1.0.0"
      }
    },
    "node_modules/snowflake-nanoid": {
      "version": "1.0.0",
      "resolved": "https://registry.npmjs.org/snowflake-nanoid/-/snowflake-nanoid-1.0.0.tgz",
      "integrity": "sha512-T7NCSTIYY2QN81f852TbIe0EBx7YOeD+ku3Q5BLUzkqXTzdSb1EFuJtAKqUAHxPYeFvqnstSmDlcunLqxGfcjA==",
      "license": "MIT",
      "engines": {
        "node": ">=16"
      }
    }
  }
}
